
Microsoft Visual Studio Solution File, Format Version 12.00
# Visual Studio 15
VisualStudioVersion = 15.0.28307.136
MinimumVisualStudioVersion = 10.0.40219.1
Project("{FAE04EC0-301F-11D3-BF4B-00C04F79EFBC}") = "CefSharp2", "CefSharp2\CefSharp2.csproj", "{C81BF8D5-107A-41D1-ACF4-DAA895D60D63}"
EndProject
Global
	GlobalSection(SolutionConfigurationPlatforms) = preSolution
		Debug|Any CPU = Debug|Any CPU
		Release|Any CPU = Release|Any CPU
	EndGlobalSection
	GlobalSection(ProjectConfigurationPlatforms) = postSolution
		{C81BF8D5-107A-41D1-ACF4-DAA895D60D63}.Debug|Any CPU.ActiveCfg = Debug|x64
		{C81BF8D5-107A-41D1-ACF4-DAA895D60D63}.Debug|Any CPU.Build.0 = Debug|x64
		{C81BF8D5-107A-41D1-ACF4-DAA895D60D63}.Release|Any CPU.ActiveCfg = Release|Any CPU
		{C81BF8D5-107A-41D1-ACF4-DAA895D60D63}.Release|Any CPU.Build.0 = Release|Any CPU
	EndGlobalSection
	GlobalSection(SolutionProperties) = preSolution
		HideSolutionNode = FALSE
	EndGlobalSection
	GlobalSection(ExtensibilityGlobals) = postSolution
		SolutionGuid = {CB97C6FC-5FF5-4AED-970C-4879B52DAFCC}
	EndGlobalSection
EndGlobal
